
Microsoft Visual Studio Solution File, Format Version 12.00
# Visual Studio Version 17
VisualStudioVersion = 17.5.33627.172
MinimumVisualStudioVersion = 10.0.40219.1
Project("{FAE04EC0-301F-11D3-BF4B-00C04F79EFBC}") = "MacValvesWordGenerate", "MacValvesWordGenerate.csproj", "{824DEC71-EC54-41B1-98A2-AE2CBABB3474}"
EndProject
Global
	GlobalSection(SolutionConfigurationPlatforms) = preSolution
		Debug|Any CPU = Debug|Any CPU
		Release|Any CPU = Release|Any CPU
	EndGlobalSection
	GlobalSection(ProjectConfigurationPlatforms) = postSolution
		{824DEC71-EC54-41B1-98A2-AE2CBABB3474}.Debug|Any CPU.ActiveCfg = Debug|Any CPU
		{824DEC71-EC54-41B1-98A2-AE2CBABB3474}.Debug|Any CPU.Build.0 = Debug|Any CPU
		{824DEC71-EC54-41B1-98A2-AE2CBABB3474}.Release|Any CPU.ActiveCfg = Release|Any CPU
		{824DEC71-EC54-41B1-98A2-AE2CBABB3474}.Release|Any CPU.Build.0 = Release|Any CPU
	EndGlobalSection
	GlobalSection(SolutionProperties) = preSolution
		HideSolutionNode = FALSE
	EndGlobalSection
	GlobalSection(ExtensibilityGlobals) = postSolution
		SolutionGuid = {7DEF4450-89C4-45EF-B761-8FE86683BFEE}
	EndGlobalSection
EndGlobal
